
Microsoft Visual Studio Solution File, Format Version 12.00
# Visual Studio Version 17
VisualStudioVersion = 17.5.002.0
MinimumVisualStudioVersion = 10.0.40219.1
Project("{9A19103F-16F7-4668-BE54-9A1E7A4F7556}") = "ChallengeValidateStringInput", "ChallengeValidateStringInput.csproj", "{E5773559-EA48-4331-AA98-8294550F5DD2}"
EndProject
Global
	GlobalSection(SolutionConfigurationPlatforms) = preSolution
		Debug|Any CPU = Debug|Any CPU
		Release|Any CPU = Release|Any CPU
	EndGlobalSection
	GlobalSection(ProjectConfigurationPlatforms) = postSolution
		{E5773559-EA48-4331-AA98-8294550F5DD2}.Debug|Any CPU.ActiveCfg = Debug|Any CPU
		{E5773559-EA48-4331-AA98-8294550F5DD2}.Debug|Any CPU.Build.0 = Debug|Any CPU
		{E5773559-EA48-4331-AA98-8294550F5DD2}.Release|Any CPU.ActiveCfg = Release|Any CPU
		{E5773559-EA48-4331-AA98-8294550F5DD2}.Release|Any CPU.Build.0 = Release|Any CPU
	EndGlobalSection
	GlobalSection(SolutionProperties) = preSolution
		HideSolutionNode = FALSE
	EndGlobalSection
	GlobalSection(ExtensibilityGlobals) = postSolution
		SolutionGuid = {5A87C839-C3CF-4E8E-8608-5F0F8E55252C}
	EndGlobalSection
EndGlobal
