
Microsoft Visual Studio Solution File, Format Version 12.00
# Visual Studio Version 17
VisualStudioVersion = 17.5.002.0
MinimumVisualStudioVersion = 10.0.40219.1
Project("{9A19103F-16F7-4668-BE54-9A1E7A4F7556}") = "array-operation", "array-operation.csproj", "{45206C56-ECB6-4558-ACA5-F0FF5839F08D}"
EndProject
Global
	GlobalSection(SolutionConfigurationPlatforms) = preSolution
		Debug|Any CPU = Debug|Any CPU
		Release|Any CPU = Release|Any CPU
	EndGlobalSection
	GlobalSection(ProjectConfigurationPlatforms) = postSolution
		{45206C56-ECB6-4558-ACA5-F0FF5839F08D}.Debug|Any CPU.ActiveCfg = Debug|Any CPU
		{45206C56-ECB6-4558-ACA5-F0FF5839F08D}.Debug|Any CPU.Build.0 = Debug|Any CPU
		{45206C56-ECB6-4558-ACA5-F0FF5839F08D}.Release|Any CPU.ActiveCfg = Release|Any CPU
		{45206C56-ECB6-4558-ACA5-F0FF5839F08D}.Release|Any CPU.Build.0 = Release|Any CPU
	EndGlobalSection
	GlobalSection(SolutionProperties) = preSolution
		HideSolutionNode = FALSE
	EndGlobalSection
	GlobalSection(ExtensibilityGlobals) = postSolution
		SolutionGuid = {CEDE5C4E-5969-44A3-AE32-851B47D84E00}
	EndGlobalSection
EndGlobal
