
Microsoft Visual Studio Solution File, Format Version 12.00
# Visual Studio Version 17
VisualStudioVersion = 17.5.002.0
MinimumVisualStudioVersion = 10.0.40219.1
Project("{9A19103F-16F7-4668-BE54-9A1E7A4F7556}") = "ChallengeLargeNum", "ChallengeLargeNum.csproj", "{B76A5ECB-6CBB-4660-8F8E-FA2951440106}"
EndProject
Global
	GlobalSection(SolutionConfigurationPlatforms) = preSolution
		Debug|Any CPU = Debug|Any CPU
		Release|Any CPU = Release|Any CPU
	EndGlobalSection
	GlobalSection(ProjectConfigurationPlatforms) = postSolution
		{B76A5ECB-6CBB-4660-8F8E-FA2951440106}.Debug|Any CPU.ActiveCfg = Debug|Any CPU
		{B76A5ECB-6CBB-4660-8F8E-FA2951440106}.Debug|Any CPU.Build.0 = Debug|Any CPU
		{B76A5ECB-6CBB-4660-8F8E-FA2951440106}.Release|Any CPU.ActiveCfg = Release|Any CPU
		{B76A5ECB-6CBB-4660-8F8E-FA2951440106}.Release|Any CPU.Build.0 = Release|Any CPU
	EndGlobalSection
	GlobalSection(SolutionProperties) = preSolution
		HideSolutionNode = FALSE
	EndGlobalSection
	GlobalSection(ExtensibilityGlobals) = postSolution
		SolutionGuid = {5603FC7A-B810-4DD8-91A1-B8ED87282007}
	EndGlobalSection
EndGlobal
