
Microsoft Visual Studio Solution File, Format Version 12.00
# Visual Studio Version 17
VisualStudioVersion = 17.5.002.0
MinimumVisualStudioVersion = 10.0.40219.1
Project("{2150E333-8FDC-42A3-9474-1A3956D46DE8}") = "ChallengeProject", "ChallengeProject", "{CF022A77-3C55-49D3-978C-D0F8524E1C93}"
EndProject
Project("{9A19103F-16F7-4668-BE54-9A1E7A4F7556}") = "Starter", "ChallengeProject\Starter\Starter.csproj", "{B00D9B95-247E-4A2B-A25C-A91D1464C547}"
EndProject
Project("{9A19103F-16F7-4668-BE54-9A1E7A4F7556}") = "Final", "ChallengeProject\Final\Final.csproj", "{FC755F1C-BF22-4774-B7C5-E605C63F9C11}"
EndProject
Global
	GlobalSection(SolutionConfigurationPlatforms) = preSolution
		Debug|Any CPU = Debug|Any CPU
		Release|Any CPU = Release|Any CPU
	EndGlobalSection
	GlobalSection(ProjectConfigurationPlatforms) = postSolution
		{B00D9B95-247E-4A2B-A25C-A91D1464C547}.Debug|Any CPU.ActiveCfg = Debug|Any CPU
		{B00D9B95-247E-4A2B-A25C-A91D1464C547}.Debug|Any CPU.Build.0 = Debug|Any CPU
		{B00D9B95-247E-4A2B-A25C-A91D1464C547}.Release|Any CPU.ActiveCfg = Release|Any CPU
		{B00D9B95-247E-4A2B-A25C-A91D1464C547}.Release|Any CPU.Build.0 = Release|Any CPU
		{FC755F1C-BF22-4774-B7C5-E605C63F9C11}.Debug|Any CPU.ActiveCfg = Debug|Any CPU
		{FC755F1C-BF22-4774-B7C5-E605C63F9C11}.Debug|Any CPU.Build.0 = Debug|Any CPU
		{FC755F1C-BF22-4774-B7C5-E605C63F9C11}.Release|Any CPU.ActiveCfg = Release|Any CPU
		{FC755F1C-BF22-4774-B7C5-E605C63F9C11}.Release|Any CPU.Build.0 = Release|Any CPU
	EndGlobalSection
	GlobalSection(SolutionProperties) = preSolution
		HideSolutionNode = FALSE
	EndGlobalSection
	GlobalSection(NestedProjects) = preSolution
		{B00D9B95-247E-4A2B-A25C-A91D1464C547} = {CF022A77-3C55-49D3-978C-D0F8524E1C93}
		{FC755F1C-BF22-4774-B7C5-E605C63F9C11} = {CF022A77-3C55-49D3-978C-D0F8524E1C93}
	EndGlobalSection
	GlobalSection(ExtensibilityGlobals) = postSolution
		SolutionGuid = {25479324-F20D-4B42-B807-BB64965FD8D2}
	EndGlobalSection
EndGlobal
